
Microsoft Visual Studio Solution File, Format Version 12.00
# Visual Studio Version 17
VisualStudioVersion = 17.7.34024.191
MinimumVisualStudioVersion = 10.0.40219.1
Project("{9A19103F-16F7-4668-BE54-9A1E7A4F7556}") = "AniX_WEB", "AniX\AniX_WEB.csproj", "{E63C4545-364F-46D0-9767-6C885C289807}"
EndProject
Project("{9A19103F-16F7-4668-BE54-9A1E7A4F7556}") = "AniX_APP", "AniX_APP\AniX_APP.csproj", "{76486224-8B85-4B4E-8E69-250FEE96131D}"
EndProject
Project("{9A19103F-16F7-4668-BE54-9A1E7A4F7556}") = "AniX_DAL", "AniX_DAL\AniX_DAL.csproj", "{DF62E743-4C95-42E8-8682-A0AF28395A9C}"
EndProject
Project("{9A19103F-16F7-4668-BE54-9A1E7A4F7556}") = "CredentialGenerator", "CredentialGenerator\CredentialGenerator.csproj", "{1A9AC84B-BBF3-48E9-A4BA-7C4817EEA8D0}"
EndProject
Project("{9A19103F-16F7-4668-BE54-9A1E7A4F7556}") = "AniX_Shared", "AniX_Shared\AniX_Shared.csproj", "{FFFFC118-58D9-4D73-BDD0-883B6F9B4469}"
EndProject
Project("{9A19103F-16F7-4668-BE54-9A1E7A4F7556}") = "AniX_BusinessLogic", "AniX_BusinessLogic\AniX_BusinessLogic.csproj", "{D13E2EF3-CD9C-43DD-A78A-F3BE1911697C}"
EndProject
Project("{9A19103F-16F7-4668-BE54-9A1E7A4F7556}") = "AniX_Utility", "AniX_Utility\AniX_Utility.csproj", "{BD6D26C3-1B25-4A3D-B31B-3046D91CCF5E}"
EndProject
Project("{9A19103F-16F7-4668-BE54-9A1E7A4F7556}") = "AniX_Controllers", "AniX_Controllers\AniX_Controllers.csproj", "{05354696-D59E-403A-B7EE-BE9028304EB9}"
EndProject
Project("{FAE04EC0-301F-11D3-BF4B-00C04F79EFBC}") = "AniX_UnitTest", "AniX_UnitTest\AniX_UnitTest.csproj", "{6BE6470E-5F40-48C3-8BAE-39A0BCCB46DA}"
EndProject
Global
	GlobalSection(SolutionConfigurationPlatforms) = preSolution
		Debug|Any CPU = Debug|Any CPU
		Release|Any CPU = Release|Any CPU
	EndGlobalSection
	GlobalSection(ProjectConfigurationPlatforms) = postSolution
		{E63C4545-364F-46D0-9767-6C885C289807}.Debug|Any CPU.ActiveCfg = Debug|Any CPU
		{E63C4545-364F-46D0-9767-6C885C289807}.Debug|Any CPU.Build.0 = Debug|Any CPU
		{E63C4545-364F-46D0-9767-6C885C289807}.Release|Any CPU.ActiveCfg = Release|Any CPU
		{E63C4545-364F-46D0-9767-6C885C289807}.Release|Any CPU.Build.0 = Release|Any CPU
		{76486224-8B85-4B4E-8E69-250FEE96131D}.Debug|Any CPU.ActiveCfg = Debug|Any CPU
		{76486224-8B85-4B4E-8E69-250FEE96131D}.Debug|Any CPU.Build.0 = Debug|Any CPU
		{76486224-8B85-4B4E-8E69-250FEE96131D}.Release|Any CPU.ActiveCfg = Release|Any CPU
		{76486224-8B85-4B4E-8E69-250FEE96131D}.Release|Any CPU.Build.0 = Release|Any CPU
		{DF62E743-4C95-42E8-8682-A0AF28395A9C}.Debug|Any CPU.ActiveCfg = Debug|Any CPU
		{DF62E743-4C95-42E8-8682-A0AF28395A9C}.Debug|Any CPU.Build.0 = Debug|Any CPU
		{DF62E743-4C95-42E8-8682-A0AF28395A9C}.Release|Any CPU.ActiveCfg = Release|Any CPU
		{DF62E743-4C95-42E8-8682-A0AF28395A9C}.Release|Any CPU.Build.0 = Release|Any CPU
		{1A9AC84B-BBF3-48E9-A4BA-7C4817EEA8D0}.Debug|Any CPU.ActiveCfg = Debug|Any CPU
		{1A9AC84B-BBF3-48E9-A4BA-7C4817EEA8D0}.Debug|Any CPU.Build.0 = Debug|Any CPU
		{1A9AC84B-BBF3-48E9-A4BA-7C4817EEA8D0}.Release|Any CPU.ActiveCfg = Release|Any CPU
		{1A9AC84B-BBF3-48E9-A4BA-7C4817EEA8D0}.Release|Any CPU.Build.0 = Release|Any CPU
		{FFFFC118-58D9-4D73-BDD0-883B6F9B4469}.Debug|Any CPU.ActiveCfg = Debug|Any CPU
		{FFFFC118-58D9-4D73-BDD0-883B6F9B4469}.Debug|Any CPU.Build.0 = Debug|Any CPU
		{FFFFC118-58D9-4D73-BDD0-883B6F9B4469}.Release|Any CPU.ActiveCfg = Release|Any CPU
		{FFFFC118-58D9-4D73-BDD0-883B6F9B4469}.Release|Any CPU.Build.0 = Release|Any CPU
		{D13E2EF3-CD9C-43DD-A78A-F3BE1911697C}.Debug|Any CPU.ActiveCfg = Debug|Any CPU
		{D13E2EF3-CD9C-43DD-A78A-F3BE1911697C}.Debug|Any CPU.Build.0 = Debug|Any CPU
		{D13E2EF3-CD9C-43DD-A78A-F3BE1911697C}.Release|Any CPU.ActiveCfg = Release|Any CPU
		{D13E2EF3-CD9C-43DD-A78A-F3BE1911697C}.Release|Any CPU.Build.0 = Release|Any CPU
		{BD6D26C3-1B25-4A3D-B31B-3046D91CCF5E}.Debug|Any CPU.ActiveCfg = Debug|Any CPU
		{BD6D26C3-1B25-4A3D-B31B-3046D91CCF5E}.Debug|Any CPU.Build.0 = Debug|Any CPU
		{BD6D26C3-1B25-4A3D-B31B-3046D91CCF5E}.Release|Any CPU.ActiveCfg = Release|Any CPU
		{BD6D26C3-1B25-4A3D-B31B-3046D91CCF5E}.Release|Any CPU.Build.0 = Release|Any CPU
		{05354696-D59E-403A-B7EE-BE9028304EB9}.Debug|Any CPU.ActiveCfg = Debug|Any CPU
		{05354696-D59E-403A-B7EE-BE9028304EB9}.Debug|Any CPU.Build.0 = Debug|Any CPU
		{05354696-D59E-403A-B7EE-BE9028304EB9}.Release|Any CPU.ActiveCfg = Release|Any CPU
		{05354696-D59E-403A-B7EE-BE9028304EB9}.Release|Any CPU.Build.0 = Release|Any CPU
		{6BE6470E-5F40-48C3-8BAE-39A0BCCB46DA}.Debug|Any CPU.ActiveCfg = Debug|Any CPU
		{6BE6470E-5F40-48C3-8BAE-39A0BCCB46DA}.Debug|Any CPU.Build.0 = Debug|Any CPU
		{6BE6470E-5F40-48C3-8BAE-39A0BCCB46DA}.Release|Any CPU.ActiveCfg = Release|Any CPU
		{6BE6470E-5F40-48C3-8BAE-39A0BCCB46DA}.Release|Any CPU.Build.0 = Release|Any CPU
	EndGlobalSection
	GlobalSection(SolutionProperties) = preSolution
		HideSolutionNode = FALSE
	EndGlobalSection
	GlobalSection(ExtensibilityGlobals) = postSolution
		SolutionGuid = {244B7490-B1C1-4E41-B24E-AF21B1274962}
	EndGlobalSection
EndGlobal
